
Microsoft Visual Studio Solution File, Format Version 12.00
# Visual Studio 15
VisualStudioVersion = 15.0.27703.2042
MinimumVisualStudioVersion = 10.0.40219.1
Project("{FAE04EC0-301F-11D3-BF4B-00C04F79EFBC}") = "MessangerServer", "MessangerServer\MessangerServer.csproj", "{FB39C182-A25B-49CE-BF80-ED91FF446493}"
EndProject
Global
	GlobalSection(SolutionConfigurationPlatforms) = preSolution
		Debug|Any CPU = Debug|Any CPU
		Release|Any CPU = Release|Any CPU
	EndGlobalSection
	GlobalSection(ProjectConfigurationPlatforms) = postSolution
		{FB39C182-A25B-49CE-BF80-ED91FF446493}.Debug|Any CPU.ActiveCfg = Debug|Any CPU
		{FB39C182-A25B-49CE-BF80-ED91FF446493}.Debug|Any CPU.Build.0 = Debug|Any CPU
		{FB39C182-A25B-49CE-BF80-ED91FF446493}.Release|Any CPU.ActiveCfg = Release|Any CPU
		{FB39C182-A25B-49CE-BF80-ED91FF446493}.Release|Any CPU.Build.0 = Release|Any CPU
	EndGlobalSection
	GlobalSection(SolutionProperties) = preSolution
		HideSolutionNode = FALSE
	EndGlobalSection
	GlobalSection(ExtensibilityGlobals) = postSolution
		SolutionGuid = {01914990-1774-43E6-8A4C-E94CB7E3DFFC}
	EndGlobalSection
EndGlobal
